// !$*UTF8*$!
{
	archiveVersion = 1;
	classes = {
	};
	objectVersion = 54;
	objects = {

/* Begin PBXBuildFile section */
		220782E926E327300079A031 /* AppDelegate.swift in Sources */ = {isa = PBXBuildFile; fileRef = 220782E826E327300079A031 /* AppDelegate.swift */; };
		220782EB26E327300079A031 /* SceneDelegate.swift in Sources */ = {isa = PBXBuildFile; fileRef = 220782EA26E327300079A031 /* SceneDelegate.swift */; };
		220782ED26E327300079A031 /* HomeVC.swift in Sources */ = {isa = PBXBuildFile; fileRef = 220782EC26E327300079A031 /* HomeVC.swift */; };
		220782F226E327330079A031 /* Assets.xcassets in Resources */ = {isa = PBXBuildFile; fileRef = 220782F126E327330079A031 /* Assets.xcassets */; };
		220782F526E327330079A031 /* LaunchScreen.storyboard in Resources */ = {isa = PBXBuildFile; fileRef = 220782F326E327330079A031 /* LaunchScreen.storyboard */; };
		220782FD26E334EA0079A031 /* Pods_LookHeart_100.framework in Frameworks */ = {isa = PBXBuildFile; fileRef = 822ACAF8B980C200D9A1FB5F /* Pods_LookHeart_100.framework */; };
		2207830926E4DFE70079A031 /* TabBarController.swift in Sources */ = {isa = PBXBuildFile; fileRef = 2207830826E4DFE70079A031 /* TabBarController.swift */; };
		623535CC2B70A44F007B2329 /* LookheartPackage in Frameworks */ = {isa = PBXBuildFile; productRef = 623535CB2B70A44F007B2329 /* LookheartPackage */; };
		623535D12B730AF0007B2329 /* ArrEmergencyManager.swift in Sources */ = {isa = PBXBuildFile; fileRef = 623535D02B730AF0007B2329 /* ArrEmergencyManager.swift */; };
		623535DD2B734526007B2329 /* basicsound.wav in Resources */ = {isa = PBXBuildFile; fileRef = 623535DC2B734526007B2329 /* basicsound.wav */; };
		623535DF2B7350BE007B2329 /* launch.png in Resources */ = {isa = PBXBuildFile; fileRef = 623535DE2B7350BE007B2329 /* launch.png */; };
		623535E12B735245007B2329 /* LaunchScreenVC.swift in Sources */ = {isa = PBXBuildFile; fileRef = 623535E02B735245007B2329 /* LaunchScreenVC.swift */; };
		6259D9492B298E2E00DE32F9 /* GoogleService-Info.plist in Resources */ = {isa = PBXBuildFile; fileRef = 6259D9482B298E2E00DE32F9 /* GoogleService-Info.plist */; };
		629401772A02598300442E88 /* LoginView.swift in Sources */ = {isa = PBXBuildFile; fileRef = 629401762A02598300442E88 /* LoginView.swift */; };
		62A321522AFB83A1000E80B5 /* ArrVC.swift in Sources */ = {isa = PBXBuildFile; fileRef = 62A321512AFB83A1000E80B5 /* ArrVC.swift */; };
		62A3215A2B01B92E000E80B5 /* FCM.swift in Sources */ = {isa = PBXBuildFile; fileRef = 62A321592B01B92E000E80B5 /* FCM.swift */; };
		62CA12B42B070104008AFDFE /* ProfileVC.swift in Sources */ = {isa = PBXBuildFile; fileRef = 62CA12B32B070104008AFDFE /* ProfileVC.swift */; };
		62CA12BE2B0B461D008AFDFE /* Localizable.strings in Resources */ = {isa = PBXBuildFile; fileRef = 62CA12C02B0B461D008AFDFE /* Localizable.strings */; };
		62CA12C72B0D9604008AFDFE /* NotificationManager.swift in Sources */ = {isa = PBXBuildFile; fileRef = 62CA12C62B0D9604008AFDFE /* NotificationManager.swift */; };
		62CA19DF2B147478008AFDFE /* EcgDataConversion.swift in Sources */ = {isa = PBXBuildFile; fileRef = 62CA19DE2B147478008AFDFE /* EcgDataConversion.swift */; };
		62F7BD822AD913A400A5846F /* Keychain.swift in Sources */ = {isa = PBXBuildFile; fileRef = 62F7BD812AD913A400A5846F /* Keychain.swift */; };
		62F7BD882AE7559900A5846F /* CustomTitleView.swift in Sources */ = {isa = PBXBuildFile; fileRef = 62F7BD872AE7559900A5846F /* CustomTitleView.swift */; };
		62F7BD8A2AE75A8600A5846F /* BaseViewController.swift in Sources */ = {isa = PBXBuildFile; fileRef = 62F7BD892AE75A8600A5846F /* BaseViewController.swift */; };
		62F7BD952AEB949600A5846F /* SummaryVC.swift in Sources */ = {isa = PBXBuildFile; fileRef = 62F7BD942AEB949600A5846F /* SummaryVC.swift */; };
/* End PBXBuildFile section */

/* Begin PBXFileReference section */
		220782E526E327300079A031 /* LookHeart 100.app */ = {isa = PBXFileReference; explicitFileType = wrapper.application; includeInIndex = 0; path = "LookHeart 100.app"; sourceTree = BUILT_PRODUCTS_DIR; };
		220782E826E327300079A031 /* AppDelegate.swift */ = {isa = PBXFileReference; lastKnownFileType = sourcecode.swift; path = AppDelegate.swift; sourceTree = "<group>"; };
		220782EA26E327300079A031 /* SceneDelegate.swift */ = {isa = PBXFileReference; lastKnownFileType = sourcecode.swift; path = SceneDelegate.swift; sourceTree = "<group>"; };
		220782EC26E327300079A031 /* HomeVC.swift */ = {isa = PBXFileReference; lastKnownFileType = sourcecode.swift; path = HomeVC.swift; sourceTree = "<group>"; };
		220782F126E327330079A031 /* Assets.xcassets */ = {isa = PBXFileReference; lastKnownFileType = folder.assetcatalog; path = Assets.xcassets; sourceTree = "<group>"; };
		220782F426E327330079A031 /* Base */ = {isa = PBXFileReference; lastKnownFileType = file.storyboard; name = Base; path = Base.lproj/LaunchScreen.storyboard; sourceTree = "<group>"; };
		220782F626E327330079A031 /* Info.plist */ = {isa = PBXFileReference; lastKnownFileType = text.plist.xml; path = Info.plist; sourceTree = "<group>"; };
		2207830826E4DFE70079A031 /* TabBarController.swift */ = {isa = PBXFileReference; lastKnownFileType = sourcecode.swift; path = TabBarController.swift; sourceTree = "<group>"; };
		623535D02B730AF0007B2329 /* ArrEmergencyManager.swift */ = {isa = PBXFileReference; lastKnownFileType = sourcecode.swift; path = ArrEmergencyManager.swift; sourceTree = "<group>"; };
		623535DC2B734526007B2329 /* basicsound.wav */ = {isa = PBXFileReference; lastKnownFileType = audio.wav; path = basicsound.wav; sourceTree = "<group>"; };
		623535DE2B7350BE007B2329 /* launch.png */ = {isa = PBXFileReference; lastKnownFileType = image.png; path = launch.png; sourceTree = "<group>"; };
		623535E02B735245007B2329 /* LaunchScreenVC.swift */ = {isa = PBXFileReference; lastKnownFileType = sourcecode.swift; path = LaunchScreenVC.swift; sourceTree = "<group>"; };
		6259D9482B298E2E00DE32F9 /* GoogleService-Info.plist */ = {isa = PBXFileReference; fileEncoding = 4; lastKnownFileType = text.plist.xml; name = "GoogleService-Info.plist"; path = "../../../firebase/guardian/GoogleService-Info.plist"; sourceTree = "<group>"; };
		628EF2302A0DDE63009E3B95 /* LookHeart 100.entitlements */ = {isa = PBXFileReference; lastKnownFileType = text.plist.entitlements; path = "LookHeart 100.entitlements"; sourceTree = "<group>"; };
		629401762A02598300442E88 /* LoginView.swift */ = {isa = PBXFileReference; lastKnownFileType = sourcecode.swift; path = LoginView.swift; sourceTree = "<group>"; };
		62A321512AFB83A1000E80B5 /* ArrVC.swift */ = {isa = PBXFileReference; lastKnownFileType = sourcecode.swift; path = ArrVC.swift; sourceTree = "<group>"; };
		62A321592B01B92E000E80B5 /* FCM.swift */ = {isa = PBXFileReference; lastKnownFileType = sourcecode.swift; path = FCM.swift; sourceTree = "<group>"; };
		62CA12B32B070104008AFDFE /* ProfileVC.swift */ = {isa = PBXFileReference; lastKnownFileType = sourcecode.swift; path = ProfileVC.swift; sourceTree = "<group>"; };
		62CA12BF2B0B461D008AFDFE /* en */ = {isa = PBXFileReference; lastKnownFileType = text.plist.strings; name = en; path = en.lproj/Localizable.strings; sourceTree = "<group>"; };
		62CA12C22B0B4774008AFDFE /* zh-Hans */ = {isa = PBXFileReference; lastKnownFileType = text.plist.strings; name = "zh-Hans"; path = "zh-Hans.lproj/Localizable.strings"; sourceTree = "<group>"; };
		62CA12C32B0C6D94008AFDFE /* ko */ = {isa = PBXFileReference; lastKnownFileType = text.plist.strings; name = ko; path = ko.lproj/Localizable.strings; sourceTree = "<group>"; };
		62CA12C62B0D9604008AFDFE /* NotificationManager.swift */ = {isa = PBXFileReference; lastKnownFileType = sourcecode.swift; path = NotificationManager.swift; sourceTree = "<group>"; };
		62CA19DE2B147478008AFDFE /* EcgDataConversion.swift */ = {isa = PBXFileReference; lastKnownFileType = sourcecode.swift; path = EcgDataConversion.swift; sourceTree = "<group>"; };
		62F7BD812AD913A400A5846F /* Keychain.swift */ = {isa = PBXFileReference; lastKnownFileType = sourcecode.swift; path = Keychain.swift; sourceTree = "<group>"; };
		62F7BD872AE7559900A5846F /* CustomTitleView.swift */ = {isa = PBXFileReference; lastKnownFileType = sourcecode.swift; path = CustomTitleView.swift; sourceTree = "<group>"; };
		62F7BD892AE75A8600A5846F /* BaseViewController.swift */ = {isa = PBXFileReference; lastKnownFileType = sourcecode.swift; path = BaseViewController.swift; sourceTree = "<group>"; };
		62F7BD942AEB949600A5846F /* SummaryVC.swift */ = {isa = PBXFileReference; lastKnownFileType = sourcecode.swift; path = SummaryVC.swift; sourceTree = "<group>"; };
		822ACAF8B980C200D9A1FB5F /* Pods_LookHeart_100.framework */ = {isa = PBXFileReference; explicitFileType = wrapper.framework; includeInIndex = 0; path = Pods_LookHeart_100.framework; sourceTree = BUILT_PRODUCTS_DIR; };
		B7323ABC3465B91582A3EA2B /* Pods-LookHeart 100.debug.xcconfig */ = {isa = PBXFileReference; includeInIndex = 1; lastKnownFileType = text.xcconfig; name = "Pods-LookHeart 100.debug.xcconfig"; path = "Target Support Files/Pods-LookHeart 100/Pods-LookHeart 100.debug.xcconfig"; sourceTree = "<group>"; };
		E6E8E894361B817EE4DE15A8 /* Pods-LookHeart 100.release.xcconfig */ = {isa = PBXFileReference; includeInIndex = 1; lastKnownFileType = text.xcconfig; name = "Pods-LookHeart 100.release.xcconfig"; path = "Target Support Files/Pods-LookHeart 100/Pods-LookHeart 100.release.xcconfig"; sourceTree = "<group>"; };
/* End PBXFileReference section */

/* Begin PBXFrameworksBuildPhase section */
		220782E226E327300079A031 /* Frameworks */ = {
			isa = PBXFrameworksBuildPhase;
			buildActionMask = 2147483647;
			files = (
				220782FD26E334EA0079A031 /* Pods_LookHeart_100.framework in Frameworks */,
				623535CC2B70A44F007B2329 /* LookheartPackage in Frameworks */,
			);
			runOnlyForDeploymentPostprocessing = 0;
		};
/* End PBXFrameworksBuildPhase section */

/* Begin PBXGroup section */
		09B0B6ABA818394DD62F5F74 /* Pods */ = {
			isa = PBXGroup;
			children = (
				B7323ABC3465B91582A3EA2B /* Pods-LookHeart 100.debug.xcconfig */,
				E6E8E894361B817EE4DE15A8 /* Pods-LookHeart 100.release.xcconfig */,
			);
			path = Pods;
			sourceTree = "<group>";
		};
		220782DC26E327300079A031 = {
			isa = PBXGroup;
			children = (
				220782E726E327300079A031 /* LookHeart 100 */,
				220782E626E327300079A031 /* Products */,
				09B0B6ABA818394DD62F5F74 /* Pods */,
				EBA4DE3EAE73DA0136A18B2D /* Frameworks */,
			);
			sourceTree = "<group>";
		};
		220782E626E327300079A031 /* Products */ = {
			isa = PBXGroup;
			children = (
				220782E526E327300079A031 /* LookHeart 100.app */,
			);
			name = Products;
			sourceTree = "<group>";
		};
		220782E726E327300079A031 /* LookHeart 100 */ = {
			isa = PBXGroup;
			children = (
				623535DB2B73451D007B2329 /* Resource */,
				628EF2302A0DDE63009E3B95 /* LookHeart 100.entitlements */,
				220782F626E327330079A031 /* Info.plist */,
				220782F326E327330079A031 /* LaunchScreen.storyboard */,
				6259D9482B298E2E00DE32F9 /* GoogleService-Info.plist */,
				220782F126E327330079A031 /* Assets.xcassets */,
				220782EA26E327300079A031 /* SceneDelegate.swift */,
				220782E826E327300079A031 /* AppDelegate.swift */,
				62CA12BB2B0B45C7008AFDFE /* Localizable */,
				62CA12B52B070111008AFDFE /* Service */,
				629401762A02598300442E88 /* LoginView.swift */,
				220782EC26E327300079A031 /* HomeVC.swift */,
				2207830826E4DFE70079A031 /* TabBarController.swift */,
				62F7BD892AE75A8600A5846F /* BaseViewController.swift */,
				62CA12B32B070104008AFDFE /* ProfileVC.swift */,
				62F7BD942AEB949600A5846F /* SummaryVC.swift */,
				62A321512AFB83A1000E80B5 /* ArrVC.swift */,
				62CA19DE2B147478008AFDFE /* EcgDataConversion.swift */,
				623535D02B730AF0007B2329 /* ArrEmergencyManager.swift */,
				623535E02B735245007B2329 /* LaunchScreenVC.swift */,
			);
			path = "LookHeart 100";
			sourceTree = "<group>";
		};
		623535DB2B73451D007B2329 /* Resource */ = {
			isa = PBXGroup;
			children = (
				623535DE2B7350BE007B2329 /* launch.png */,
				623535DC2B734526007B2329 /* basicsound.wav */,
			);
			path = Resource;
			sourceTree = "<group>";
		};
		62CA12B52B070111008AFDFE /* Service */ = {
			isa = PBXGroup;
			children = (
				62A321592B01B92E000E80B5 /* FCM.swift */,
				62F7BD812AD913A400A5846F /* Keychain.swift */,
				62F7BD872AE7559900A5846F /* CustomTitleView.swift */,
				62CA12C62B0D9604008AFDFE /* NotificationManager.swift */,
			);
			path = Service;
			sourceTree = "<group>";
		};
		62CA12BB2B0B45C7008AFDFE /* Localizable */ = {
			isa = PBXGroup;
			children = (
				62CA12C02B0B461D008AFDFE /* Localizable.strings */,
			);
			path = Localizable;
			sourceTree = "<group>";
		};
		EBA4DE3EAE73DA0136A18B2D /* Frameworks */ = {
			isa = PBXGroup;
			children = (
				822ACAF8B980C200D9A1FB5F /* Pods_LookHeart_100.framework */,
			);
			name = Frameworks;
			sourceTree = "<group>";
		};
/* End PBXGroup section */

/* Begin PBXNativeTarget section */
		220782E426E327300079A031 /* LookHeart 100 */ = {
			isa = PBXNativeTarget;
			buildConfigurationList = 220782F926E327330079A031 /* Build configuration list for PBXNativeTarget "LookHeart 100" */;
			buildPhases = (
				7663D2FABC06CE4CC49D65DE /* [CP] Check Pods Manifest.lock */,
				220782E126E327300079A031 /* Sources */,
				220782E226E327300079A031 /* Frameworks */,
				220782E326E327300079A031 /* Resources */,
				A433018ED8910B88339A47CC /* [CP] Embed Pods Frameworks */,
			);
			buildRules = (
			);
			dependencies = (
			);
			name = "LookHeart 100";
			packageProductDependencies = (
				623535CB2B70A44F007B2329 /* LookheartPackage */,
			);
			productName = "LookHeart 100";
			productReference = 220782E526E327300079A031 /* LookHeart 100.app */;
			productType = "com.apple.product-type.application";
		};
/* End PBXNativeTarget section */

/* Begin PBXProject section */
		220782DD26E327300079A031 /* Project object */ = {
			isa = PBXProject;
			attributes = {
				BuildIndependentTargetsInParallel = YES;
				LastSwiftUpdateCheck = 1250;
				LastUpgradeCheck = 1510;
				TargetAttributes = {
					220782E426E327300079A031 = {
						CreatedOnToolsVersion = 12.5.1;
					};
				};
			};
			buildConfigurationList = 220782E026E327300079A031 /* Build configuration list for PBXProject "LookHeart100" */;
			compatibilityVersion = "Xcode 9.3";
			developmentRegion = en;
			hasScannedForEncodings = 0;
			knownRegions = (
				en,
				Base,
				"zh-Hans",
				ko,
			);
			mainGroup = 220782DC26E327300079A031;
			packageReferences = (
				623535CA2B70A44F007B2329 /* XCRemoteSwiftPackageReference "LookheartPackage" */,
			);
			productRefGroup = 220782E626E327300079A031 /* Products */;
			projectDirPath = "";
			projectRoot = "";
			targets = (
				220782E426E327300079A031 /* LookHeart 100 */,
			);
		};
/* End PBXProject section */

/* Begin PBXResourcesBuildPhase section */
		220782E326E327300079A031 /* Resources */ = {
			isa = PBXResourcesBuildPhase;
			buildActionMask = 2147483647;
			files = (
				623535DF2B7350BE007B2329 /* launch.png in Resources */,
				62CA12BE2B0B461D008AFDFE /* Localizable.strings in Resources */,
				220782F526E327330079A031 /* LaunchScreen.storyboard in Resources */,
				623535DD2B734526007B2329 /* basicsound.wav in Resources */,
				220782F226E327330079A031 /* Assets.xcassets in Resources */,
				6259D9492B298E2E00DE32F9 /* GoogleService-Info.plist in Resources */,
			);
			runOnlyForDeploymentPostprocessing = 0;
		};
/* End PBXResourcesBuildPhase section */

/* Begin PBXShellScriptBuildPhase section */
		7663D2FABC06CE4CC49D65DE /* [CP] Check Pods Manifest.lock */ = {
			isa = PBXShellScriptBuildPhase;
			buildActionMask = 2147483647;
			files = (
			);
			inputFileListPaths = (
			);
			inputPaths = (
				"${PODS_PODFILE_DIR_PATH}/Podfile.lock",
				"${PODS_ROOT}/Manifest.lock",
			);
			name = "[CP] Check Pods Manifest.lock";
			outputFileListPaths = (
			);
			outputPaths = (
				"$(DERIVED_FILE_DIR)/Pods-LookHeart 100-checkManifestLockResult.txt",
			);
			runOnlyForDeploymentPostprocessing = 0;
			shellPath = /bin/sh;
			shellScript = "diff \"${PODS_PODFILE_DIR_PATH}/Podfile.lock\" \"${PODS_ROOT}/Manifest.lock\" > /dev/null\nif [ $? != 0 ] ; then\n    # print error to STDERR\n    echo \"error: The sandbox is not in sync with the Podfile.lock. Run 'pod install' or update your CocoaPods installation.\" >&2\n    exit 1\nfi\n# This output is used by Xcode 'outputs' to avoid re-running this script phase.\necho \"SUCCESS\" > \"${SCRIPT_OUTPUT_FILE_0}\"\n";
			showEnvVarsInLog = 0;
		};
		A433018ED8910B88339A47CC /* [CP] Embed Pods Frameworks */ = {
			isa = PBXShellScriptBuildPhase;
			buildActionMask = 2147483647;
			files = (
			);
			inputFileListPaths = (
				"${PODS_ROOT}/Target Support Files/Pods-LookHeart 100/Pods-LookHeart 100-frameworks-${CONFIGURATION}-input-files.xcfilelist",
			);
			name = "[CP] Embed Pods Frameworks";
			outputFileListPaths = (
				"${PODS_ROOT}/Target Support Files/Pods-LookHeart 100/Pods-LookHeart 100-frameworks-${CONFIGURATION}-output-files.xcfilelist",
			);
			runOnlyForDeploymentPostprocessing = 0;
			shellPath = /bin/sh;
			shellScript = "\"${PODS_ROOT}/Target Support Files/Pods-LookHeart 100/Pods-LookHeart 100-frameworks.sh\"\n";
			showEnvVarsInLog = 0;
		};
/* End PBXShellScriptBuildPhase section */

/* Begin PBXSourcesBuildPhase section */
		220782E126E327300079A031 /* Sources */ = {
			isa = PBXSourcesBuildPhase;
			buildActionMask = 2147483647;
			files = (
				220782ED26E327300079A031 /* HomeVC.swift in Sources */,
				62F7BD882AE7559900A5846F /* CustomTitleView.swift in Sources */,
				2207830926E4DFE70079A031 /* TabBarController.swift in Sources */,
				623535E12B735245007B2329 /* LaunchScreenVC.swift in Sources */,
				62F7BD8A2AE75A8600A5846F /* BaseViewController.swift in Sources */,
				62CA12B42B070104008AFDFE /* ProfileVC.swift in Sources */,
				623535D12B730AF0007B2329 /* ArrEmergencyManager.swift in Sources */,
				220782E926E327300079A031 /* AppDelegate.swift in Sources */,
				62A3215A2B01B92E000E80B5 /* FCM.swift in Sources */,
				62F7BD822AD913A400A5846F /* Keychain.swift in Sources */,
				62CA19DF2B147478008AFDFE /* EcgDataConversion.swift in Sources */,
				220782EB26E327300079A031 /* SceneDelegate.swift in Sources */,
				62CA12C72B0D9604008AFDFE /* NotificationManager.swift in Sources */,
				62F7BD952AEB949600A5846F /* SummaryVC.swift in Sources */,
				629401772A02598300442E88 /* LoginView.swift in Sources */,
				62A321522AFB83A1000E80B5 /* ArrVC.swift in Sources */,
			);
			runOnlyForDeploymentPostprocessing = 0;
		};
/* End PBXSourcesBuildPhase section */

/* Begin PBXVariantGroup section */
		220782F326E327330079A031 /* LaunchScreen.storyboard */ = {
			isa = PBXVariantGroup;
			children = (
				220782F426E327330079A031 /* Base */,
			);
			name = LaunchScreen.storyboard;
			sourceTree = "<group>";
		};
		62CA12C02B0B461D008AFDFE /* Localizable.strings */ = {
			isa = PBXVariantGroup;
			children = (
				62CA12BF2B0B461D008AFDFE /* en */,
				62CA12C22B0B4774008AFDFE /* zh-Hans */,
				62CA12C32B0C6D94008AFDFE /* ko */,
			);
			name = Localizable.strings;
			sourceTree = "<group>";
		};
/* End PBXVariantGroup section */

/* Begin XCBuildConfiguration section */
		220782F726E327330079A031 /* Debug */ = {
			isa = XCBuildConfiguration;
			buildSettings = {
				ALWAYS_SEARCH_USER_PATHS = NO;
				CLANG_ANALYZER_LOCALIZABILITY_NONLOCALIZED = YES;
				CLANG_ANALYZER_NONNULL = YES;
				CLANG_ANALYZER_NUMBER_OBJECT_CONVERSION = YES_AGGRESSIVE;
				CLANG_CXX_LANGUAGE_STANDARD = "gnu++14";
				CLANG_CXX_LIBRARY = "libc++";
				CLANG_ENABLE_MODULES = YES;
				CLANG_ENABLE_OBJC_ARC = YES;
				CLANG_ENABLE_OBJC_WEAK = YES;
				CLANG_WARN_BLOCK_CAPTURE_AUTORELEASING = YES;
				CLANG_WARN_BOOL_CONVERSION = YES;
				CLANG_WARN_COMMA = YES;
				CLANG_WARN_CONSTANT_CONVERSION = YES;
				CLANG_WARN_DEPRECATED_OBJC_IMPLEMENTATIONS = YES;
				CLANG_WARN_DIRECT_OBJC_ISA_USAGE = YES_ERROR;
				CLANG_WARN_DOCUMENTATION_COMMENTS = YES;
				CLANG_WARN_EMPTY_BODY = YES;
				CLANG_WARN_ENUM_CONVERSION = YES;
				CLANG_WARN_INFINITE_RECURSION = YES;
				CLANG_WARN_INT_CONVERSION = YES;
				CLANG_WARN_NON_LITERAL_NULL_CONVERSION = YES;
				CLANG_WARN_OBJC_IMPLICIT_RETAIN_SELF = YES;
				CLANG_WARN_OBJC_LITERAL_CONVERSION = YES;
				CLANG_WARN_OBJC_ROOT_CLASS = YES_ERROR;
				CLANG_WARN_QUOTED_INCLUDE_IN_FRAMEWORK_HEADER = YES;
				CLANG_WARN_RANGE_LOOP_ANALYSIS = YES;
				CLANG_WARN_STRICT_PROTOTYPES = YES;
				CLANG_WARN_SUSPICIOUS_MOVE = YES;
				CLANG_WARN_UNGUARDED_AVAILABILITY = YES_AGGRESSIVE;
				CLANG_WARN_UNREACHABLE_CODE = YES;
				CLANG_WARN__DUPLICATE_METHOD_MATCH = YES;
				COPY_PHASE_STRIP = NO;
				DEBUG_INFORMATION_FORMAT = dwarf;
				ENABLE_STRICT_OBJC_MSGSEND = YES;
				ENABLE_TESTABILITY = YES;
				GCC_C_LANGUAGE_STANDARD = gnu11;
				GCC_DYNAMIC_NO_PIC = NO;
				GCC_NO_COMMON_BLOCKS = YES;
				GCC_OPTIMIZATION_LEVEL = 0;
				GCC_PREPROCESSOR_DEFINITIONS = (
					"DEBUG=1",
					"$(inherited)",
				);
				GCC_WARN_64_TO_32_BIT_CONVERSION = YES;
				GCC_WARN_ABOUT_RETURN_TYPE = YES_ERROR;
				GCC_WARN_UNDECLARED_SELECTOR = YES;
				GCC_WARN_UNINITIALIZED_AUTOS = YES_AGGRESSIVE;
				GCC_WARN_UNUSED_FUNCTION = YES;
				GCC_WARN_UNUSED_VARIABLE = YES;
				INFOPLIST_KEY_CFBundleDisplayName = LOOKHEARTGUARDIAN;
				IPHONEOS_DEPLOYMENT_TARGET = 13.0;
				MTL_ENABLE_DEBUG_INFO = INCLUDE_SOURCE;
				MTL_FAST_MATH = YES;
				ONLY_ACTIVE_ARCH = YES;
				SDKROOT = iphoneos;
				SWIFT_ACTIVE_COMPILATION_CONDITIONS = DEBUG;
				SWIFT_OPTIMIZATION_LEVEL = "-Onone";
			};
			name = Debug;
		};
		220782F826E327330079A031 /* Release */ = {
			isa = XCBuildConfiguration;
			buildSettings = {
				ALWAYS_SEARCH_USER_PATHS = NO;
				CLANG_ANALYZER_LOCALIZABILITY_NONLOCALIZED = YES;
				CLANG_ANALYZER_NONNULL = YES;
				CLANG_ANALYZER_NUMBER_OBJECT_CONVERSION = YES_AGGRESSIVE;
				CLANG_CXX_LANGUAGE_STANDARD = "gnu++14";
				CLANG_CXX_LIBRARY = "libc++";
				CLANG_ENABLE_MODULES = YES;
				CLANG_ENABLE_OBJC_ARC = YES;
				CLANG_ENABLE_OBJC_WEAK = YES;
				CLANG_WARN_BLOCK_CAPTURE_AUTORELEASING = YES;
				CLANG_WARN_BOOL_CONVERSION = YES;
				CLANG_WARN_COMMA = YES;
				CLANG_WARN_CONSTANT_CONVERSION = YES;
				CLANG_WARN_DEPRECATED_OBJC_IMPLEMENTATIONS = YES;
				CLANG_WARN_DIRECT_OBJC_ISA_USAGE = YES_ERROR;
				CLANG_WARN_DOCUMENTATION_COMMENTS = YES;
				CLANG_WARN_EMPTY_BODY = YES;
				CLANG_WARN_ENUM_CONVERSION = YES;
				CLANG_WARN_INFINITE_RECURSION = YES;
				CLANG_WARN_INT_CONVERSION = YES;
				CLANG_WARN_NON_LITERAL_NULL_CONVERSION = YES;
				CLANG_WARN_OBJC_IMPLICIT_RETAIN_SELF = YES;
				CLANG_WARN_OBJC_LITERAL_CONVERSION = YES;
				CLANG_WARN_OBJC_ROOT_CLASS = YES_ERROR;
				CLANG_WARN_QUOTED_INCLUDE_IN_FRAMEWORK_HEADER = YES;
				CLANG_WARN_RANGE_LOOP_ANALYSIS = YES;
				CLANG_WARN_STRICT_PROTOTYPES = YES;
				CLANG_WARN_SUSPICIOUS_MOVE = YES;
				CLANG_WARN_UNGUARDED_AVAILABILITY = YES_AGGRESSIVE;
				CLANG_WARN_UNREACHABLE_CODE = YES;
				CLANG_WARN__DUPLICATE_METHOD_MATCH = YES;
				COPY_PHASE_STRIP = NO;
				DEBUG_INFORMATION_FORMAT = "dwarf-with-dsym";
				ENABLE_NS_ASSERTIONS = NO;
				ENABLE_STRICT_OBJC_MSGSEND = YES;
				GCC_C_LANGUAGE_STANDARD = gnu11;
				GCC_NO_COMMON_BLOCKS = YES;
				GCC_WARN_64_TO_32_BIT_CONVERSION = YES;
				GCC_WARN_ABOUT_RETURN_TYPE = YES_ERROR;
				GCC_WARN_UNDECLARED_SELECTOR = YES;
				GCC_WARN_UNINITIALIZED_AUTOS = YES_AGGRESSIVE;
				GCC_WARN_UNUSED_FUNCTION = YES;
				GCC_WARN_UNUSED_VARIABLE = YES;
				INFOPLIST_KEY_CFBundleDisplayName = LOOKHEARTGUARDIAN;
				IPHONEOS_DEPLOYMENT_TARGET = 13.0;
				MTL_ENABLE_DEBUG_INFO = NO;
				MTL_FAST_MATH = YES;
				SDKROOT = iphoneos;
				SWIFT_COMPILATION_MODE = wholemodule;
				SWIFT_OPTIMIZATION_LEVEL = "-O";
				VALIDATE_PRODUCT = YES;
			};
			name = Release;
		};
		220782FA26E327330079A031 /* Debug */ = {
			isa = XCBuildConfiguration;
			baseConfigurationReference = B7323ABC3465B91582A3EA2B /* Pods-LookHeart 100.debug.xcconfig */;
			buildSettings = {
				ASSETCATALOG_COMPILER_APPICON_NAME = AppIcon;
				ASSETCATALOG_COMPILER_GLOBAL_ACCENT_COLOR_NAME = AccentColor;
				CODE_SIGN_ENTITLEMENTS = "LookHeart 100/LookHeart 100.entitlements";
				CODE_SIGN_IDENTITY = "Apple Development";
				CODE_SIGN_STYLE = Automatic;
				DEVELOPMENT_TEAM = 4MHFKFG489;
				INFOPLIST_FILE = "LookHeart 100/Info.plist";
				INFOPLIST_KEY_CFBundleDisplayName = "LOOKHEART GUARDIAN";
				INFOPLIST_KEY_LSApplicationCategoryType = "public.app-category.healthcare-fitness";
				IPHONEOS_DEPLOYMENT_TARGET = 13.0;
				LD_RUNPATH_SEARCH_PATHS = (
					"$(inherited)",
					"@executable_path/Frameworks",
				);
				PRODUCT_BUNDLE_IDENTIFIER = medsyslab.co.kr.lookheartguardian;
				PRODUCT_NAME = "$(TARGET_NAME)";
				PROVISIONING_PROFILE_SPECIFIER = "";
				SUPPORTED_PLATFORMS = "iphoneos iphonesimulator macosx";
				SUPPORTS_MACCATALYST = NO;
				SUPPORTS_MAC_DESIGNED_FOR_IPHONE_IPAD = NO;
				SWIFT_VERSION = 5.0;
				TARGETED_DEVICE_FAMILY = "1,2";
			};
			name = Debug;
		};
		220782FB26E327330079A031 /* Release */ = {
			isa = XCBuildConfiguration;
			baseConfigurationReference = E6E8E894361B817EE4DE15A8 /* Pods-LookHeart 100.release.xcconfig */;
			buildSettings = {
				ASSETCATALOG_COMPILER_APPICON_NAME = AppIcon;
				ASSETCATALOG_COMPILER_GLOBAL_ACCENT_COLOR_NAME = AccentColor;
				CODE_SIGN_ENTITLEMENTS = "LookHeart 100/LookHeart 100.entitlements";
				CODE_SIGN_IDENTITY = "Apple Development";
				CODE_SIGN_STYLE = Automatic;
				DEVELOPMENT_TEAM = 4MHFKFG489;
				INFOPLIST_FILE = "LookHeart 100/Info.plist";
				INFOPLIST_KEY_CFBundleDisplayName = "LOOKHEART GUARDIAN";
				INFOPLIST_KEY_LSApplicationCategoryType = "public.app-category.healthcare-fitness";
				IPHONEOS_DEPLOYMENT_TARGET = 13.0;
				LD_RUNPATH_SEARCH_PATHS = (
					"$(inherited)",
					"@executable_path/Frameworks",
				);
				PRODUCT_BUNDLE_IDENTIFIER = medsyslab.co.kr.lookheartguardian;
				PRODUCT_NAME = "$(TARGET_NAME)";
				PROVISIONING_PROFILE_SPECIFIER = "";
				SUPPORTED_PLATFORMS = "iphoneos iphonesimulator macosx";
				SUPPORTS_MACCATALYST = NO;
				SUPPORTS_MAC_DESIGNED_FOR_IPHONE_IPAD = NO;
				SWIFT_VERSION = 5.0;
				TARGETED_DEVICE_FAMILY = "1,2";
			};
			name = Release;
		};
/* End XCBuildConfiguration section */

/* Begin XCConfigurationList section */
		220782E026E327300079A031 /* Build configuration list for PBXProject "LookHeart100" */ = {
			isa = XCConfigurationList;
			buildConfigurations = (
				220782F726E327330079A031 /* Debug */,
				220782F826E327330079A031 /* Release */,
			);
			defaultConfigurationIsVisible = 0;
			defaultConfigurationName = Release;
		};
		220782F926E327330079A031 /* Build configuration list for PBXNativeTarget "LookHeart 100" */ = {
			isa = XCConfigurationList;
			buildConfigurations = (
				220782FA26E327330079A031 /* Debug */,
				220782FB26E327330079A031 /* Release */,
			);
			defaultConfigurationIsVisible = 0;
			defaultConfigurationName = Release;
		};
/* End XCConfigurationList section */

/* Begin XCRemoteSwiftPackageReference section */
		623535CA2B70A44F007B2329 /* XCRemoteSwiftPackageReference "LookheartPackage" */ = {
			isa = XCRemoteSwiftPackageReference;
			repositoryURL = "https://github.com/CODUCK-Kim/LookheartPackage";
			requirement = {
				kind = upToNextMajorVersion;
				minimumVersion = 1.2.23;
			};
		};
/* End XCRemoteSwiftPackageReference section */

/* Begin XCSwiftPackageProductDependency section */
		623535CB2B70A44F007B2329 /* LookheartPackage */ = {
			isa = XCSwiftPackageProductDependency;
			package = 623535CA2B70A44F007B2329 /* XCRemoteSwiftPackageReference "LookheartPackage" */;
			productName = LookheartPackage;
		};
/* End XCSwiftPackageProductDependency section */
	};
	rootObject = 220782DD26E327300079A031 /* Project object */;
}
